
Microsoft Visual Studio Solution File, Format Version 12.00
# Visual Studio Version 17
VisualStudioVersion = 17.4.33213.308
MinimumVisualStudioVersion = 10.0.40219.1
Project("{FAE04EC0-301F-11D3-BF4B-00C04F79EFBC}") = "Lesson1", "Lesson1\Lesson1.csproj", "{B07DED99-549E-401C-9C4F-4F12BB44E462}"
EndProject
Global
	GlobalSection(SolutionConfigurationPlatforms) = preSolution
		Debug|Any CPU = Debug|Any CPU
		Release|Any CPU = Release|Any CPU
	EndGlobalSection
	GlobalSection(ProjectConfigurationPlatforms) = postSolution
		{B07DED99-549E-401C-9C4F-4F12BB44E462}.Debug|Any CPU.ActiveCfg = Debug|Any CPU
		{B07DED99-549E-401C-9C4F-4F12BB44E462}.Debug|Any CPU.Build.0 = Debug|Any CPU
		{B07DED99-549E-401C-9C4F-4F12BB44E462}.Release|Any CPU.ActiveCfg = Release|Any CPU
		{B07DED99-549E-401C-9C4F-4F12BB44E462}.Release|Any CPU.Build.0 = Release|Any CPU
	EndGlobalSection
	GlobalSection(SolutionProperties) = preSolution
		HideSolutionNode = FALSE
	EndGlobalSection
	GlobalSection(ExtensibilityGlobals) = postSolution
		SolutionGuid = {551E3FA9-6240-4C06-8D94-360DA9B64521}
	EndGlobalSection
EndGlobal
